# THIS IS AN AUTOGENERATED FILE. DO NOT EDIT THIS FILE DIRECTLY.
# yarn lockfile v1


"@leaphy-robotics/webusb-ftdi@^1.0.0":
  version "1.0.0"
  resolved "https://registry.yarnpkg.com/@leaphy-robotics/webusb-ftdi/-/webusb-ftdi-1.0.0.tgz#999a9de85cef82747f09b1dfa6e01374bd85ba07"
  integrity sha512-/M3XdqQ9h0EPlPdE1FRCZYz8VUzP4JZe1sidUNPMOBmzwALiXElPa6jLu2eArPupt23cN1PN9yXNpSjOwtRi0Q==

"@rollup/plugin-node-resolve@^15.2.3":
  version "15.2.3"
  resolved "https://registry.yarnpkg.com/@rollup/plugin-node-resolve/-/plugin-node-resolve-15.2.3.tgz#e5e0b059bd85ca57489492f295ce88c2d4b0daf9"
  integrity sha512-j/lym8nf5E21LwBT4Df1VD6hRO2L2iwUeUmP7litikRsVp1H6NWx20NEp0Y7su+7XGc476GnXXc4kFeZNGmaSQ==
  dependencies:
    "@rollup/pluginutils" "^5.0.1"
    "@types/resolve" "1.20.2"
    deepmerge "^4.2.2"
    is-builtin-module "^3.2.1"
    is-module "^1.0.0"
    resolve "^1.22.1"

"@rollup/pluginutils@^5.0.1":
  version "5.1.0"
  resolved "https://registry.yarnpkg.com/@rollup/pluginutils/-/pluginutils-5.1.0.tgz#7e53eddc8c7f483a4ad0b94afb1f7f5fd3c771e0"
  integrity sha512-XTIWOPPcpvyKI6L1NHo0lFlCyznUEyPmPY1mc3KpPVDYulHSTvyeLNVW00QTLIAFNhR3kYnJTQHeGqU4M3n09g==
  dependencies:
    "@types/estree" "^1.0.0"
    estree-walker "^2.0.2"
    picomatch "^2.3.1"

"@rollup/rollup-android-arm-eabi@4.16.0":
  version "4.16.0"
  resolved "https://registry.yarnpkg.com/@rollup/rollup-android-arm-eabi/-/rollup-android-arm-eabi-4.16.0.tgz#51e697b1fe08d3bc39d9f0341f22b1b6975a44df"
  integrity sha512-4fDVBAfWYlw2CtYgHEWarAYSozTx5OYLsSM/cdGW7H51FwI10DaGnjKgdqWyWXY/VjugelzriCiKf1UdM20Bxg==

"@rollup/rollup-android-arm64@4.16.0":
  version "4.16.0"
  resolved "https://registry.yarnpkg.com/@rollup/rollup-android-arm64/-/rollup-android-arm64-4.16.0.tgz#e81fa0fd632ae1c9e6837565b929c95e7bfa0c5a"
  integrity sha512-JltUBgsKgN108NO4/hj0B/dJYNrqqmdRCtUet5tFDi/w+0tvQP0FToyWBV4HKBcSX4cvFChrCyt5Rh4FX6M6QQ==

"@rollup/rollup-darwin-arm64@4.16.0":
  version "4.16.0"
  resolved "https://registry.yarnpkg.com/@rollup/rollup-darwin-arm64/-/rollup-darwin-arm64-4.16.0.tgz#0b4ee897790b299243603e5c3adce2932038be08"
  integrity sha512-UwF7tkWf0roggMRv7Vrkof7VgX9tEZIc4vbaQl0/HNX3loWlcum+0ODp1Qsd8s7XvQGT+Zboxx1qxav3vq8YDw==

"@rollup/rollup-darwin-x64@4.16.0":
  version "4.16.0"
  resolved "https://registry.yarnpkg.com/@rollup/rollup-darwin-x64/-/rollup-darwin-x64-4.16.0.tgz#7f9bb7ca0f792bcf35d1bf10f0f4a848f9a2d527"
  integrity sha512-RIY42wn6+Yb0qD29T7Dvm9/AhxrkGDf7X5dgI6rUFXR19+vCLh3u45yLcKOayu2ZQEba9rf/+BX3EggVwckiIw==

"@rollup/rollup-linux-arm-gnueabihf@4.16.0":
  version "4.16.0"
  resolved "https://registry.yarnpkg.com/@rollup/rollup-linux-arm-gnueabihf/-/rollup-linux-arm-gnueabihf-4.16.0.tgz#dae816a34b2ea0a29a8e2aacf939199b5ed8d565"
  integrity sha512-r2TGCIKzqk8VwjOvW7sveledh6aPao131ejUfZNIyFlWBCruF4HOu51KtLArDa7LL6qKd0vkgxGX3/2NmYpWig==

"@rollup/rollup-linux-arm-musleabihf@4.16.0":
  version "4.16.0"
  resolved "https://registry.yarnpkg.com/@rollup/rollup-linux-arm-musleabihf/-/rollup-linux-arm-musleabihf-4.16.0.tgz#9adfa63cc89bf6fa91da38c8af5331c1decd7f1d"
  integrity sha512-/QwaDp0RXQTtm25wQFSl02zEm9oveRXr9qAHbdxWCm9YG9dR8esqpyqzS/3GgHDm7jHktPNz9gTENfoUKRCcXQ==

"@rollup/rollup-linux-arm64-gnu@4.16.0":
  version "4.16.0"
  resolved "https://registry.yarnpkg.com/@rollup/rollup-linux-arm64-gnu/-/rollup-linux-arm64-gnu-4.16.0.tgz#49f4369d436a73fe0b4d4bc4d59cd89c79ee0b4a"
  integrity sha512-iypHsz7YEfoyNL0iHbQ7B7pY6hpymvvMgFXXaMd5+WCtvJ9zqWPZKFmo78UeWzWNmTP9JtPiNIQt6efRxx/MNA==

"@rollup/rollup-linux-arm64-musl@4.16.0":
  version "4.16.0"
  resolved "https://registry.yarnpkg.com/@rollup/rollup-linux-arm64-musl/-/rollup-linux-arm64-musl-4.16.0.tgz#fd00d2b08a045a0321776921353cee3cc6383cc8"
  integrity sha512-7UpYcO0uVeomnoL5MpQhrS0FT7xZUJrEXtKVLmps5bRA7x5AiA1PDuPnMbxcOBWjIM2HHIG1t3ndnRTVMIbk5A==

"@rollup/rollup-linux-powerpc64le-gnu@4.16.0":
  version "4.16.0"
  resolved "https://registry.yarnpkg.com/@rollup/rollup-linux-powerpc64le-gnu/-/rollup-linux-powerpc64le-gnu-4.16.0.tgz#d7a0b85cfca2aaf3adbf752569183b21233ac1de"
  integrity sha512-FSuFy4/hOQy0lH135ifnElP/6dKoHcZGHovsaRY0jrfNRR2yjMnVYaqNHKGKy0b/1I8DkD/JtclgJfq7SPti1w==

"@rollup/rollup-linux-riscv64-gnu@4.16.0":
  version "4.16.0"
  resolved "https://registry.yarnpkg.com/@rollup/rollup-linux-riscv64-gnu/-/rollup-linux-riscv64-gnu-4.16.0.tgz#a419fb6e09baef0119dc7a59df8fda7208a2d672"
  integrity sha512-qxAB8MiHuDI8jU0D+WI9Gym3fvUJHA/AjKRXxbEH921SB3AeKQStq1FKFA59dAoqqCArjJ1voXM/gMvgEc1q4Q==

"@rollup/rollup-linux-s390x-gnu@4.16.0":
  version "4.16.0"
  resolved "https://registry.yarnpkg.com/@rollup/rollup-linux-s390x-gnu/-/rollup-linux-s390x-gnu-4.16.0.tgz#693bac438527beefe3b061da847e3bfd6f6b571d"
  integrity sha512-j/9yBgWFlNFBfG/S1M2zkBNLeLkNVG59T5c4tlmlrxU+XITWJ3aMVWdpcZ/+mu7auGZftAXueAgAE9mb4lAlag==

"@rollup/rollup-linux-x64-gnu@4.16.0":
  version "4.16.0"
  resolved "https://registry.yarnpkg.com/@rollup/rollup-linux-x64-gnu/-/rollup-linux-x64-gnu-4.16.0.tgz#41b43abe9073cfa4a02130e4d050fa3b10f82199"
  integrity sha512-SjsBA1a9wrEleNneGEsR40HdxKdwCatyHC547o/XINqwPW4cqTYiNy/lL1WTJYWU/KgWIb8HH4SgmFStbWoBzw==

"@rollup/rollup-linux-x64-musl@4.16.0":
  version "4.16.0"
  resolved "https://registry.yarnpkg.com/@rollup/rollup-linux-x64-musl/-/rollup-linux-x64-musl-4.16.0.tgz#524046b68de9ccc938245628bb75ef6f07d515c8"
  integrity sha512-YKCs7ghJZ5po6/qgfONiXyFKOKcTK4Kerzk/Kc89QK0JT94Qg4NurL+3Y3rZh5am2tu1OlvHPpBHQNBE8cFgJQ==

"@rollup/rollup-win32-arm64-msvc@4.16.0":
  version "4.16.0"
  resolved "https://registry.yarnpkg.com/@rollup/rollup-win32-arm64-msvc/-/rollup-win32-arm64-msvc-4.16.0.tgz#e9117384c4e340370777c5b5974c5cebf84c8807"
  integrity sha512-+wtkF+z2nw0ZwwHji01wOW0loxFl24lBNxPtVAXtnPPDL9Ew0EhiCMOegXe/EAH3Zlr8Iw9tyPJXB3DltQLEyw==

"@rollup/rollup-win32-ia32-msvc@4.16.0":
  version "4.16.0"
  resolved "https://registry.yarnpkg.com/@rollup/rollup-win32-ia32-msvc/-/rollup-win32-ia32-msvc-4.16.0.tgz#1d9c9477138236a7588ee601513508854f674c69"
  integrity sha512-7qLyKTL7Lf2g0B8bduETVAEI3WVUVwBRVcECojVevPNVAmi19IW1P2X+uMSwhmWNy36Q/qEvxXsfts1I8wpawg==

"@rollup/rollup-win32-x64-msvc@4.16.0":
  version "4.16.0"
  resolved "https://registry.yarnpkg.com/@rollup/rollup-win32-x64-msvc/-/rollup-win32-x64-msvc-4.16.0.tgz#0db109f8e1a604da9c9a86deebd84d8d040d6671"
  integrity sha512-tkfxXt+7c3Ecgn7ln9NJPdBM+QKwQdmFFpgAP+FYhAuRS5y3tY8xeza82gFjbPpytkHmaQnVdMtuzbToCz2tuw==

"@types/estree@1.0.5", "@types/estree@^1.0.0":
  version "1.0.5"
  resolved "https://registry.yarnpkg.com/@types/estree/-/estree-1.0.5.tgz#a6ce3e556e00fd9895dd872dd172ad0d4bd687f4"
  integrity sha512-/kYRxGDLWzHOB7q+wtSUQlFrtcdUccpfy+X+9iMBpHK8QLLhx2wIPYuS5DYtR9Wa/YlZAbIovy7qVdB1Aq6Lyw==

"@types/resolve@1.20.2":
  version "1.20.2"
  resolved "https://registry.yarnpkg.com/@types/resolve/-/resolve-1.20.2.tgz#97d26e00cd4a0423b4af620abecf3e6f442b7975"
  integrity sha512-60BCwRFOZCQhDncwQdxxeOEEkbc5dIMccYLwbxsS4TUNeVECQ/pBJ0j09mrHOl/JJvpRPGwO9SvE4nR2Nb/a4Q==

builtin-modules@^3.3.0:
  version "3.3.0"
  resolved "https://registry.yarnpkg.com/builtin-modules/-/builtin-modules-3.3.0.tgz#cae62812b89801e9656336e46223e030386be7b6"
  integrity sha512-zhaCDicdLuWN5UbN5IMnFqNMhNfo919sH85y2/ea+5Yg9TsTkeZxpL+JLbp6cgYFS4sRLp3YV4S6yDuqVWHYOw==

deepmerge@^4.2.2:
  version "4.3.1"
  resolved "https://registry.yarnpkg.com/deepmerge/-/deepmerge-4.3.1.tgz#44b5f2147cd3b00d4b56137685966f26fd25dd4a"
  integrity sha512-3sUqbMEc77XqpdNO7FRyRog+eW3ph+GYCbj+rK+uYyRMuwsVy0rMiVtPn+QJlKFvWP/1PYpapqYn0Me2knFn+A==

estree-walker@^2.0.2:
  version "2.0.2"
  resolved "https://registry.yarnpkg.com/estree-walker/-/estree-walker-2.0.2.tgz#52f010178c2a4c117a7757cfe942adb7d2da4cac"
  integrity sha512-Rfkk/Mp/DL7JVje3u18FxFujQlTNR2q6QfMSMB7AvCBx91NGj/ba3kCfza0f6dVDbw7YlRf/nDrn7pQrCCyQ/w==

fsevents@~2.3.2:
  version "2.3.3"
  resolved "https://registry.yarnpkg.com/fsevents/-/fsevents-2.3.3.tgz#cac6407785d03675a2a5e1a5305c697b347d90d6"
  integrity sha512-5xoDfX+fL7faATnagmWPpbFtwh/R77WmMMqqHGS65C3vvB0YHrgF+B1YmZ3441tMj5n63k0212XNoJwzlhffQw==

function-bind@^1.1.2:
  version "1.1.2"
  resolved "https://registry.yarnpkg.com/function-bind/-/function-bind-1.1.2.tgz#2c02d864d97f3ea6c8830c464cbd11ab6eab7a1c"
  integrity sha512-7XHNxH7qX9xG5mIwxkhumTox/MIRNcOgDrxWsMt2pAr23WHp6MrRlN7FBSFpCpr+oVO0F744iUgR82nJMfG2SA==

hasown@^2.0.0:
  version "2.0.2"
  resolved "https://registry.yarnpkg.com/hasown/-/hasown-2.0.2.tgz#003eaf91be7adc372e84ec59dc37252cedb80003"
  integrity sha512-0hJU9SCPvmMzIBdZFqNPXWa6dqh7WdH0cII9y+CyS8rG3nL48Bclra9HmKhVVUHyPWNH5Y7xDwAB7bfgSjkUMQ==
  dependencies:
    function-bind "^1.1.2"

is-builtin-module@^3.2.1:
  version "3.2.1"
  resolved "https://registry.yarnpkg.com/is-builtin-module/-/is-builtin-module-3.2.1.tgz#f03271717d8654cfcaf07ab0463faa3571581169"
  integrity sha512-BSLE3HnV2syZ0FK0iMA/yUGplUeMmNz4AW5fnTunbCIqZi4vG3WjJT9FHMy5D69xmAYBHXQhJdALdpwVxV501A==
  dependencies:
    builtin-modules "^3.3.0"

is-core-module@^2.13.0:
  version "2.13.1"
  resolved "https://registry.yarnpkg.com/is-core-module/-/is-core-module-2.13.1.tgz#ad0d7532c6fea9da1ebdc82742d74525c6273384"
  integrity sha512-hHrIjvZsftOsvKSn2TRYl63zvxsgE0K+0mYMoH6gD4omR5IWB2KynivBQczo3+wF1cCkjzvptnI9Q0sPU66ilw==
  dependencies:
    hasown "^2.0.0"

is-module@^1.0.0:
  version "1.0.0"
  resolved "https://registry.yarnpkg.com/is-module/-/is-module-1.0.0.tgz#3258fb69f78c14d5b815d664336b4cffb6441591"
  integrity sha512-51ypPSPCoTEIN9dy5Oy+h4pShgJmPCygKfyRCISBI+JoWT/2oJvK8QPxmwv7b/p239jXrm9M1mlQbyKJ5A152g==

path-parse@^1.0.7:
  version "1.0.7"
  resolved "https://registry.yarnpkg.com/path-parse/-/path-parse-1.0.7.tgz#fbc114b60ca42b30d9daf5858e4bd68bbedb6735"
  integrity sha512-LDJzPVEEEPR+y48z93A0Ed0yXb8pAByGWo/k5YYdYgpY2/2EsOsksJrq7lOHxryrVOn1ejG6oAp8ahvOIQD8sw==

picomatch@^2.3.1:
  version "2.3.1"
  resolved "https://registry.yarnpkg.com/picomatch/-/picomatch-2.3.1.tgz#3ba3833733646d9d3e4995946c1365a67fb07a42"
  integrity sha512-JU3teHTNjmE2VCGFzuY8EXzCDVwEqB2a8fsIvwaStHhAWJEeVd1o1QD80CU6+ZdEXXSLbSsuLwJjkCBWqRQUVA==

resolve@^1.22.1:
  version "1.22.8"
  resolved "https://registry.yarnpkg.com/resolve/-/resolve-1.22.8.tgz#b6c87a9f2aa06dfab52e3d70ac8cde321fa5a48d"
  integrity sha512-oKWePCxqpd6FlLvGV1VU0x7bkPmmCNolxzjMf4NczoDnQcIWrAF+cPtZn5i6n+RfD2d9i0tzpKnG6Yk168yIyw==
  dependencies:
    is-core-module "^2.13.0"
    path-parse "^1.0.7"
    supports-preserve-symlinks-flag "^1.0.0"

rollup@^4.14.3:
  version "4.16.0"
  resolved "https://registry.yarnpkg.com/rollup/-/rollup-4.16.0.tgz#6234ae756ff14bce900c1c926175d14cc3e1f5f4"
  integrity sha512-joxy/Hd4Ee289394//Q1aoebcxXyHasDieCTk8YtP4G4al4TUlx85EnuCLrfrdtLzrna9kNjH++Sx063wxSgmA==
  dependencies:
    "@types/estree" "1.0.5"
  optionalDependencies:
    "@rollup/rollup-android-arm-eabi" "4.16.0"
    "@rollup/rollup-android-arm64" "4.16.0"
    "@rollup/rollup-darwin-arm64" "4.16.0"
    "@rollup/rollup-darwin-x64" "4.16.0"
    "@rollup/rollup-linux-arm-gnueabihf" "4.16.0"
    "@rollup/rollup-linux-arm-musleabihf" "4.16.0"
    "@rollup/rollup-linux-arm64-gnu" "4.16.0"
    "@rollup/rollup-linux-arm64-musl" "4.16.0"
    "@rollup/rollup-linux-powerpc64le-gnu" "4.16.0"
    "@rollup/rollup-linux-riscv64-gnu" "4.16.0"
    "@rollup/rollup-linux-s390x-gnu" "4.16.0"
    "@rollup/rollup-linux-x64-gnu" "4.16.0"
    "@rollup/rollup-linux-x64-musl" "4.16.0"
    "@rollup/rollup-win32-arm64-msvc" "4.16.0"
    "@rollup/rollup-win32-ia32-msvc" "4.16.0"
    "@rollup/rollup-win32-x64-msvc" "4.16.0"
    fsevents "~2.3.2"

supports-preserve-symlinks-flag@^1.0.0:
  version "1.0.0"
  resolved "https://registry.yarnpkg.com/supports-preserve-symlinks-flag/-/supports-preserve-symlinks-flag-1.0.0.tgz#6eda4bd344a3c94aea376d4cc31bc77311039e09"
  integrity sha512-ot0WnXS9fgdkgIcePe6RHNk1WA8+muPa6cSjeR3V8K27q9BB1rTE3R1p7Hv0z1ZyAc8s6Vvv8DIyWf681MAt0w==
